
Microsoft Visual Studio Solution File, Format Version 10.00
# Visual C++ Express 2008
Project("{8BC9CEB8-8B4A-11D0-8D11-00A0C91BC942}") = "path_unit_test", "path_unit_test\path_unit_test.vcproj", "{3C77F610-2E31-4087-9DF2-7CD45198A02D}"
EndProject
Project("{8BC9CEB8-8B4A-11D0-8D11-00A0C91BC942}") = "operations_unit_test", "operations_unit_test\operations_unit_test.vcproj", "{5DAF595A-4640-4F86-8A5F-E54E3E4CE7D0}"
EndProject
Project("{8BC9CEB8-8B4A-11D0-8D11-00A0C91BC942}") = "operations_test", "operations_test\operations_test.vcproj", "{8BB7E604-46EF-42BE-ABB5-D7044B3E8A40}"
EndProject
Project("{8BC9CEB8-8B4A-11D0-8D11-00A0C91BC942}") = "path_test", "path_test\path_test.vcproj", "{F3D230C4-9185-4C2B-AB0E-0F0D28D8268C}"
EndProject
Project("{8BC9CEB8-8B4A-11D0-8D11-00A0C91BC942}") = "system_dll", "system_dll\system_dll.vcproj", "{F94CCADD-A90B-480C-A304-C19D015D36B1}"
EndProject
Project("{8BC9CEB8-8B4A-11D0-8D11-00A0C91BC942}") = "filesystem_dll", "filesystem_dll\filesystem_dll.vcproj", "{FFD738F7-96F0-445C-81EA-551665EF53D1}"
	ProjectSection(ProjectDependencies) = postProject
		{F94CCADD-A90B-480C-A304-C19D015D36B1} = {F94CCADD-A90B-480C-A304-C19D015D36B1}
	EndProjectSection
EndProject
Project("{8BC9CEB8-8B4A-11D0-8D11-00A0C91BC942}") = "convenience_test", "convenience_test\convenience_test.vcproj", "{08986FB5-0C83-4BC4-92DF-05E12E1C03C1}"
EndProject
Project("{8BC9CEB8-8B4A-11D0-8D11-00A0C91BC942}") = "path_test_dynamic_link", "path_test_dynamic_link\path_test_dynamic_linkl.vcproj", "{54347DE3-6AA2-4466-A2EC-7176E0EC1110}"
	ProjectSection(ProjectDependencies) = postProject
		{F94CCADD-A90B-480C-A304-C19D015D36B1} = {F94CCADD-A90B-480C-A304-C19D015D36B1}
		{FFD738F7-96F0-445C-81EA-551665EF53D1} = {FFD738F7-96F0-445C-81EA-551665EF53D1}
	EndProjectSection
EndProject
Project("{8BC9CEB8-8B4A-11D0-8D11-00A0C91BC942}") = "fstream_test", "fstream_test\fstream_test.vcproj", "{A9939CD7-BE1C-4334-947C-4C320D49B3CA}"
EndProject
Project("{8BC9CEB8-8B4A-11D0-8D11-00A0C91BC942}") = "deprecated_test", "deprecated_test\deprecated_test.vcproj", "{D73BC50F-956E-4A44-BF9F-A8BB80DF0000}"
	ProjectSection(ProjectDependencies) = postProject
		{F94CCADD-A90B-480C-A304-C19D015D36B1} = {F94CCADD-A90B-480C-A304-C19D015D36B1}
		{FFD738F7-96F0-445C-81EA-551665EF53D1} = {FFD738F7-96F0-445C-81EA-551665EF53D1}
	EndProjectSection
EndProject
Project("{8BC9CEB8-8B4A-11D0-8D11-00A0C91BC942}") = "proof_of_concept", "proof_of_concept\proof_of_concept.vcproj", "{440316C4-E19E-41DE-92A6-B78B3900E97F}"
EndProject
Project("{8BC9CEB8-8B4A-11D0-8D11-00A0C91BC942}") = "simple_ls", "simple_ls\simple_ls.vcproj", "{6B8EC880-702E-418A-BC63-CA46C6CC7B27}"
	ProjectSection(ProjectDependencies) = postProject
		{F94CCADD-A90B-480C-A304-C19D015D36B1} = {F94CCADD-A90B-480C-A304-C19D015D36B1}
		{FFD738F7-96F0-445C-81EA-551665EF53D1} = {FFD738F7-96F0-445C-81EA-551665EF53D1}
	EndProjectSection
EndProject
Project("{8BC9CEB8-8B4A-11D0-8D11-00A0C91BC942}") = "complete_func_combos", "complete_func_combos\complete_func_combos.vcproj", "{B0725661-C439-484E-BD67-E367AC78C60A}"
	ProjectSection(ProjectDependencies) = postProject
		{F94CCADD-A90B-480C-A304-C19D015D36B1} = {F94CCADD-A90B-480C-A304-C19D015D36B1}
		{FFD738F7-96F0-445C-81EA-551665EF53D1} = {FFD738F7-96F0-445C-81EA-551665EF53D1}
	EndProjectSection
EndProject
Project("{8BC9CEB8-8B4A-11D0-8D11-00A0C91BC942}") = "error_demo", "error_demo\error_demo.vcproj", "{709A954B-4F1E-4375-A418-BCBFFE598715}"
	ProjectSection(ProjectDependencies) = postProject
		{F94CCADD-A90B-480C-A304-C19D015D36B1} = {F94CCADD-A90B-480C-A304-C19D015D36B1}
		{FFD738F7-96F0-445C-81EA-551665EF53D1} = {FFD738F7-96F0-445C-81EA-551665EF53D1}
	EndProjectSection
EndProject
Project("{8BC9CEB8-8B4A-11D0-8D11-00A0C91BC942}") = "tut1", "tut1\tut1.vcproj", "{6376B8E4-7FD4-466B-978E-E8DA6E938689}"
	ProjectSection(ProjectDependencies) = postProject
		{F94CCADD-A90B-480C-A304-C19D015D36B1} = {F94CCADD-A90B-480C-A304-C19D015D36B1}
		{FFD738F7-96F0-445C-81EA-551665EF53D1} = {FFD738F7-96F0-445C-81EA-551665EF53D1}
	EndProjectSection
EndProject
Project("{8BC9CEB8-8B4A-11D0-8D11-00A0C91BC942}") = "tut3", "tut3\tut3.vcproj", "{4FF64FA7-6806-401D-865C-79DD064D4A9E}"
	ProjectSection(ProjectDependencies) = postProject
		{F94CCADD-A90B-480C-A304-C19D015D36B1} = {F94CCADD-A90B-480C-A304-C19D015D36B1}
		{FFD738F7-96F0-445C-81EA-551665EF53D1} = {FFD738F7-96F0-445C-81EA-551665EF53D1}
	EndProjectSection
EndProject
Project("{8BC9CEB8-8B4A-11D0-8D11-00A0C91BC942}") = "tut2", "tut2\tut2.vcproj", "{CD69B175-389E-4F8F-85DC-03C56A47CD1D}"
	ProjectSection(ProjectDependencies) = postProject
		{F94CCADD-A90B-480C-A304-C19D015D36B1} = {F94CCADD-A90B-480C-A304-C19D015D36B1}
		{FFD738F7-96F0-445C-81EA-551665EF53D1} = {FFD738F7-96F0-445C-81EA-551665EF53D1}
	EndProjectSection
EndProject
Project("{8BC9CEB8-8B4A-11D0-8D11-00A0C91BC942}") = "tut4", "tut4\tut4.vcproj", "{256EA89A-E073-4CE8-B675-BE2FBC6B2691}"
	ProjectSection(ProjectDependencies) = postProject
		{F94CCADD-A90B-480C-A304-C19D015D36B1} = {F94CCADD-A90B-480C-A304-C19D015D36B1}
		{FFD738F7-96F0-445C-81EA-551665EF53D1} = {FFD738F7-96F0-445C-81EA-551665EF53D1}
	EndProjectSection
EndProject
Project("{8BC9CEB8-8B4A-11D0-8D11-00A0C91BC942}") = "path_info", "path_info\path_info.vcproj", "{18EA74B4-B284-4FD4-BC0A-3B2193801B8D}"
	ProjectSection(ProjectDependencies) = postProject
		{F94CCADD-A90B-480C-A304-C19D015D36B1} = {F94CCADD-A90B-480C-A304-C19D015D36B1}
		{FFD738F7-96F0-445C-81EA-551665EF53D1} = {FFD738F7-96F0-445C-81EA-551665EF53D1}
	EndProjectSection
EndProject
Project("{8BC9CEB8-8B4A-11D0-8D11-00A0C91BC942}") = "space", "space\space.vcproj", "{1AEABC96-F4D5-4B15-B246-3AA34A1827CB}"
	ProjectSection(ProjectDependencies) = postProject
		{F94CCADD-A90B-480C-A304-C19D015D36B1} = {F94CCADD-A90B-480C-A304-C19D015D36B1}
		{FFD738F7-96F0-445C-81EA-551665EF53D1} = {FFD738F7-96F0-445C-81EA-551665EF53D1}
	EndProjectSection
EndProject
Project("{8BC9CEB8-8B4A-11D0-8D11-00A0C91BC942}") = "tut5", "tut5\tut5.vcproj", "{9D7703A1-F076-4362-BE31-A1C5893D05DF}"
	ProjectSection(ProjectDependencies) = postProject
		{F94CCADD-A90B-480C-A304-C19D015D36B1} = {F94CCADD-A90B-480C-A304-C19D015D36B1}
		{FFD738F7-96F0-445C-81EA-551665EF53D1} = {FFD738F7-96F0-445C-81EA-551665EF53D1}
	EndProjectSection
EndProject
Project("{8BC9CEB8-8B4A-11D0-8D11-00A0C91BC942}") = "scratch", "scratch\scratch.vcproj", "{D2F172A6-1D20-458D-8C46-83A2FBAC73E4}"
	ProjectSection(ProjectDependencies) = postProject
		{F94CCADD-A90B-480C-A304-C19D015D36B1} = {F94CCADD-A90B-480C-A304-C19D015D36B1}
		{FFD738F7-96F0-445C-81EA-551665EF53D1} = {FFD738F7-96F0-445C-81EA-551665EF53D1}
	EndProjectSection
EndProject
Project("{8BC9CEB8-8B4A-11D0-8D11-00A0C91BC942}") = "path_table", "path_table\path_table.vcproj", "{0CAE0949-3678-4AC9-A17D-DFCD9F72C4B7}"
	ProjectSection(ProjectDependencies) = postProject
		{F94CCADD-A90B-480C-A304-C19D015D36B1} = {F94CCADD-A90B-480C-A304-C19D015D36B1}
		{FFD738F7-96F0-445C-81EA-551665EF53D1} = {FFD738F7-96F0-445C-81EA-551665EF53D1}
	EndProjectSection
EndProject
Global
	GlobalSection(SolutionConfigurationPlatforms) = preSolution
		Debug|Win32 = Debug|Win32
		Release|Win32 = Release|Win32
	EndGlobalSection
	GlobalSection(ProjectConfigurationPlatforms) = postSolution
		{3C77F610-2E31-4087-9DF2-7CD45198A02D}.Debug|Win32.ActiveCfg = Debug|Win32
		{3C77F610-2E31-4087-9DF2-7CD45198A02D}.Debug|Win32.Build.0 = Debug|Win32
		{3C77F610-2E31-4087-9DF2-7CD45198A02D}.Release|Win32.ActiveCfg = Release|Win32
		{3C77F610-2E31-4087-9DF2-7CD45198A02D}.Release|Win32.Build.0 = Release|Win32
		{5DAF595A-4640-4F86-8A5F-E54E3E4CE7D0}.Debug|Win32.ActiveCfg = Debug|Win32
		{5DAF595A-4640-4F86-8A5F-E54E3E4CE7D0}.Debug|Win32.Build.0 = Debug|Win32
		{5DAF595A-4640-4F86-8A5F-E54E3E4CE7D0}.Release|Win32.ActiveCfg = Release|Win32
		{5DAF595A-4640-4F86-8A5F-E54E3E4CE7D0}.Release|Win32.Build.0 = Release|Win32
		{8BB7E604-46EF-42BE-ABB5-D7044B3E8A40}.Debug|Win32.ActiveCfg = Debug|Win32
		{8BB7E604-46EF-42BE-ABB5-D7044B3E8A40}.Debug|Win32.Build.0 = Debug|Win32
		{8BB7E604-46EF-42BE-ABB5-D7044B3E8A40}.Release|Win32.ActiveCfg = Release|Win32
		{8BB7E604-46EF-42BE-ABB5-D7044B3E8A40}.Release|Win32.Build.0 = Release|Win32
		{F3D230C4-9185-4C2B-AB0E-0F0D28D8268C}.Debug|Win32.ActiveCfg = Debug|Win32
		{F3D230C4-9185-4C2B-AB0E-0F0D28D8268C}.Debug|Win32.Build.0 = Debug|Win32
		{F3D230C4-9185-4C2B-AB0E-0F0D28D8268C}.Release|Win32.ActiveCfg = Release|Win32
		{F3D230C4-9185-4C2B-AB0E-0F0D28D8268C}.Release|Win32.Build.0 = Release|Win32
		{F94CCADD-A90B-480C-A304-C19D015D36B1}.Debug|Win32.ActiveCfg = Debug|Win32
		{F94CCADD-A90B-480C-A304-C19D015D36B1}.Debug|Win32.Build.0 = Debug|Win32
		{F94CCADD-A90B-480C-A304-C19D015D36B1}.Release|Win32.ActiveCfg = Release|Win32
		{F94CCADD-A90B-480C-A304-C19D015D36B1}.Release|Win32.Build.0 = Release|Win32
		{FFD738F7-96F0-445C-81EA-551665EF53D1}.Debug|Win32.ActiveCfg = Debug|Win32
		{FFD738F7-96F0-445C-81EA-551665EF53D1}.Debug|Win32.Build.0 = Debug|Win32
		{FFD738F7-96F0-445C-81EA-551665EF53D1}.Release|Win32.ActiveCfg = Release|Win32
		{FFD738F7-96F0-445C-81EA-551665EF53D1}.Release|Win32.Build.0 = Release|Win32
		{08986FB5-0C83-4BC4-92DF-05E12E1C03C1}.Debug|Win32.ActiveCfg = Debug|Win32
		{08986FB5-0C83-4BC4-92DF-05E12E1C03C1}.Debug|Win32.Build.0 = Debug|Win32
		{08986FB5-0C83-4BC4-92DF-05E12E1C03C1}.Release|Win32.ActiveCfg = Release|Win32
		{08986FB5-0C83-4BC4-92DF-05E12E1C03C1}.Release|Win32.Build.0 = Release|Win32
		{54347DE3-6AA2-4466-A2EC-7176E0EC1110}.Debug|Win32.ActiveCfg = Debug|Win32
		{54347DE3-6AA2-4466-A2EC-7176E0EC1110}.Debug|Win32.Build.0 = Debug|Win32
		{54347DE3-6AA2-4466-A2EC-7176E0EC1110}.Release|Win32.ActiveCfg = Release|Win32
		{54347DE3-6AA2-4466-A2EC-7176E0EC1110}.Release|Win32.Build.0 = Release|Win32
		{A9939CD7-BE1C-4334-947C-4C320D49B3CA}.Debug|Win32.ActiveCfg = Debug|Win32
		{A9939CD7-BE1C-4334-947C-4C320D49B3CA}.Debug|Win32.Build.0 = Debug|Win32
		{A9939CD7-BE1C-4334-947C-4C320D49B3CA}.Release|Win32.ActiveCfg = Release|Win32
		{A9939CD7-BE1C-4334-947C-4C320D49B3CA}.Release|Win32.Build.0 = Release|Win32
		{D73BC50F-956E-4A44-BF9F-A8BB80DF0000}.Debug|Win32.ActiveCfg = Debug|Win32
		{D73BC50F-956E-4A44-BF9F-A8BB80DF0000}.Debug|Win32.Build.0 = Debug|Win32
		{D73BC50F-956E-4A44-BF9F-A8BB80DF0000}.Release|Win32.ActiveCfg = Release|Win32
		{D73BC50F-956E-4A44-BF9F-A8BB80DF0000}.Release|Win32.Build.0 = Release|Win32
		{440316C4-E19E-41DE-92A6-B78B3900E97F}.Debug|Win32.ActiveCfg = Debug|Win32
		{440316C4-E19E-41DE-92A6-B78B3900E97F}.Release|Win32.ActiveCfg = Release|Win32
		{440316C4-E19E-41DE-92A6-B78B3900E97F}.Release|Win32.Build.0 = Release|Win32
		{6B8EC880-702E-418A-BC63-CA46C6CC7B27}.Debug|Win32.ActiveCfg = Debug|Win32
		{6B8EC880-702E-418A-BC63-CA46C6CC7B27}.Debug|Win32.Build.0 = Debug|Win32
		{6B8EC880-702E-418A-BC63-CA46C6CC7B27}.Release|Win32.ActiveCfg = Release|Win32
		{6B8EC880-702E-418A-BC63-CA46C6CC7B27}.Release|Win32.Build.0 = Release|Win32
		{B0725661-C439-484E-BD67-E367AC78C60A}.Debug|Win32.ActiveCfg = Debug|Win32
		{B0725661-C439-484E-BD67-E367AC78C60A}.Debug|Win32.Build.0 = Debug|Win32
		{B0725661-C439-484E-BD67-E367AC78C60A}.Release|Win32.ActiveCfg = Release|Win32
		{B0725661-C439-484E-BD67-E367AC78C60A}.Release|Win32.Build.0 = Release|Win32
		{709A954B-4F1E-4375-A418-BCBFFE598715}.Debug|Win32.ActiveCfg = Debug|Win32
		{709A954B-4F1E-4375-A418-BCBFFE598715}.Debug|Win32.Build.0 = Debug|Win32
		{709A954B-4F1E-4375-A418-BCBFFE598715}.Release|Win32.ActiveCfg = Release|Win32
		{709A954B-4F1E-4375-A418-BCBFFE598715}.Release|Win32.Build.0 = Release|Win32
		{6376B8E4-7FD4-466B-978E-E8DA6E938689}.Debug|Win32.ActiveCfg = Debug|Win32
		{6376B8E4-7FD4-466B-978E-E8DA6E938689}.Debug|Win32.Build.0 = Debug|Win32
		{6376B8E4-7FD4-466B-978E-E8DA6E938689}.Release|Win32.ActiveCfg = Release|Win32
		{6376B8E4-7FD4-466B-978E-E8DA6E938689}.Release|Win32.Build.0 = Release|Win32
		{4FF64FA7-6806-401D-865C-79DD064D4A9E}.Debug|Win32.ActiveCfg = Debug|Win32
		{4FF64FA7-6806-401D-865C-79DD064D4A9E}.Debug|Win32.Build.0 = Debug|Win32
		{4FF64FA7-6806-401D-865C-79DD064D4A9E}.Release|Win32.ActiveCfg = Release|Win32
		{4FF64FA7-6806-401D-865C-79DD064D4A9E}.Release|Win32.Build.0 = Release|Win32
		{CD69B175-389E-4F8F-85DC-03C56A47CD1D}.Debug|Win32.ActiveCfg = Debug|Win32
		{CD69B175-389E-4F8F-85DC-03C56A47CD1D}.Debug|Win32.Build.0 = Debug|Win32
		{CD69B175-389E-4F8F-85DC-03C56A47CD1D}.Release|Win32.ActiveCfg = Release|Win32
		{CD69B175-389E-4F8F-85DC-03C56A47CD1D}.Release|Win32.Build.0 = Release|Win32
		{256EA89A-E073-4CE8-B675-BE2FBC6B2691}.Debug|Win32.ActiveCfg = Debug|Win32
		{256EA89A-E073-4CE8-B675-BE2FBC6B2691}.Debug|Win32.Build.0 = Debug|Win32
		{256EA89A-E073-4CE8-B675-BE2FBC6B2691}.Release|Win32.ActiveCfg = Release|Win32
		{256EA89A-E073-4CE8-B675-BE2FBC6B2691}.Release|Win32.Build.0 = Release|Win32
		{18EA74B4-B284-4FD4-BC0A-3B2193801B8D}.Debug|Win32.ActiveCfg = Debug|Win32
		{18EA74B4-B284-4FD4-BC0A-3B2193801B8D}.Debug|Win32.Build.0 = Debug|Win32
		{18EA74B4-B284-4FD4-BC0A-3B2193801B8D}.Release|Win32.ActiveCfg = Release|Win32
		{18EA74B4-B284-4FD4-BC0A-3B2193801B8D}.Release|Win32.Build.0 = Release|Win32
		{1AEABC96-F4D5-4B15-B246-3AA34A1827CB}.Debug|Win32.ActiveCfg = Debug|Win32
		{1AEABC96-F4D5-4B15-B246-3AA34A1827CB}.Debug|Win32.Build.0 = Debug|Win32
		{1AEABC96-F4D5-4B15-B246-3AA34A1827CB}.Release|Win32.ActiveCfg = Release|Win32
		{1AEABC96-F4D5-4B15-B246-3AA34A1827CB}.Release|Win32.Build.0 = Release|Win32
		{9D7703A1-F076-4362-BE31-A1C5893D05DF}.Debug|Win32.ActiveCfg = Debug|Win32
		{9D7703A1-F076-4362-BE31-A1C5893D05DF}.Debug|Win32.Build.0 = Debug|Win32
		{9D7703A1-F076-4362-BE31-A1C5893D05DF}.Release|Win32.ActiveCfg = Release|Win32
		{9D7703A1-F076-4362-BE31-A1C5893D05DF}.Release|Win32.Build.0 = Release|Win32
		{D2F172A6-1D20-458D-8C46-83A2FBAC73E4}.Debug|Win32.ActiveCfg = Debug|Win32
		{D2F172A6-1D20-458D-8C46-83A2FBAC73E4}.Debug|Win32.Build.0 = Debug|Win32
		{D2F172A6-1D20-458D-8C46-83A2FBAC73E4}.Release|Win32.ActiveCfg = Release|Win32
		{D2F172A6-1D20-458D-8C46-83A2FBAC73E4}.Release|Win32.Build.0 = Release|Win32
		{0CAE0949-3678-4AC9-A17D-DFCD9F72C4B7}.Debug|Win32.ActiveCfg = Debug|Win32
		{0CAE0949-3678-4AC9-A17D-DFCD9F72C4B7}.Debug|Win32.Build.0 = Debug|Win32
		{0CAE0949-3678-4AC9-A17D-DFCD9F72C4B7}.Release|Win32.ActiveCfg = Release|Win32
		{0CAE0949-3678-4AC9-A17D-DFCD9F72C4B7}.Release|Win32.Build.0 = Release|Win32
	EndGlobalSection
	GlobalSection(SolutionProperties) = preSolution
		HideSolutionNode = FALSE
	EndGlobalSection
EndGlobal
